# This file was autogenerated by Stack.
# You should not edit this file by hand.
# For more information, please see the documentation at:
#   https://docs.haskellstack.org/en/stable/topics/lock_files

packages: []
snapshots:
- completed:
    sha256: 5f0858c115d1cc54e5b183ca74dde0b92db445aa09f1161b15e739ef26da684b
    size: 752942
    url: https://raw.githubusercontent.com/commercialhaskell/stackage-snapshots/master/nightly/2026/5/19.yaml
  original:
    url: https://raw.githubusercontent.com/commercialhaskell/stackage-snapshots/master/nightly/2026/5/19.yaml
